
Microsoft Visual Studio Solution File, Format Version 12.00
# Visual Studio Version 17
VisualStudioVersion = 17.8.34322.80
MinimumVisualStudioVersion = 10.0.40219.1
Project("{FAE04EC0-301F-11D3-BF4B-00C04F79EFBC}") = "JME", "JME\JME.csproj", "{C5A93353-B94C-43DE-A583-A16DDB7AFD55}"
EndProject
Project("{FAE04EC0-301F-11D3-BF4B-00C04F79EFBC}") = "JMETestGame", "JMETestGame\JMETestGame.csproj", "{F782F2AA-889B-443C-9680-F1431C8DCC6D}"
EndProject
Global
	GlobalSection(SolutionConfigurationPlatforms) = preSolution
		Debug|Any CPU = Debug|Any CPU
		Release|Any CPU = Release|Any CPU
	EndGlobalSection
	GlobalSection(ProjectConfigurationPlatforms) = postSolution
		{C5A93353-B94C-43DE-A583-A16DDB7AFD55}.Debug|Any CPU.ActiveCfg = Debug|Any CPU
		{C5A93353-B94C-43DE-A583-A16DDB7AFD55}.Debug|Any CPU.Build.0 = Debug|Any CPU
		{C5A93353-B94C-43DE-A583-A16DDB7AFD55}.Release|Any CPU.ActiveCfg = Release|Any CPU
		{C5A93353-B94C-43DE-A583-A16DDB7AFD55}.Release|Any CPU.Build.0 = Release|Any CPU
		{F782F2AA-889B-443C-9680-F1431C8DCC6D}.Debug|Any CPU.ActiveCfg = Debug|Any CPU
		{F782F2AA-889B-443C-9680-F1431C8DCC6D}.Debug|Any CPU.Build.0 = Debug|Any CPU
		{F782F2AA-889B-443C-9680-F1431C8DCC6D}.Release|Any CPU.ActiveCfg = Release|Any CPU
		{F782F2AA-889B-443C-9680-F1431C8DCC6D}.Release|Any CPU.Build.0 = Release|Any CPU
	EndGlobalSection
	GlobalSection(SolutionProperties) = preSolution
		HideSolutionNode = FALSE
	EndGlobalSection
	GlobalSection(ExtensibilityGlobals) = postSolution
		SolutionGuid = {644781F0-A245-41A0-9501-B40581098E3E}
	EndGlobalSection
EndGlobal
